{
  "name": "brisbane-social-chess-website",
  "version": "1.0.0",
  "lockfileVersion": 3,
  "requires": true,
  "packages": {
    "": {
      "name": "brisbane-social-chess-website",
      "version": "1.0.0",
      "license": "MIT",
      "devDependencies": {
        "prettier": "^3.6.2"
      }
    },
    "node_modules/prettier": {
      "version": "3.6.2",
      "dev": true,
      "license": "MIT",
      "bin": {
        "prettier": "bin/prettier.cjs"
      },
      "engines": {
        "node": ">=14"
      },
      "funding": {
        "url": "https://github.com/prettier/prettier?sponsor=1"
      }
    }
  }
}
